{
  "name": "Gazon",
  "lockfileVersion": 2,
  "requires": true,
  "packages": {
    "": {
      "dependencies": {
        "parallax-mouse": "^1.0.1"
      }
    },
    "node_modules/parallax-mouse": {
      "version": "1.0.1",
      "resolved": "https://registry.npmmirror.com/parallax-mouse/-/parallax-mouse-1.0.1.tgz",
      "integrity": "sha512-wR4Ha3XyXXmsHOyVoBeuPnQ5hd4DYIctisDsi6hbt1SpQ/FUR+ofBGVVbM9KS4Dp2MPr59PHIpX3f13wLr5MgQ=="
    }
  },
  "dependencies": {
    "parallax-mouse": {
      "version": "1.0.1",
      "resolved": "https://registry.npmmirror.com/parallax-mouse/-/parallax-mouse-1.0.1.tgz",
      "integrity": "sha512-wR4Ha3XyXXmsHOyVoBeuPnQ5hd4DYIctisDsi6hbt1SpQ/FUR+ofBGVVbM9KS4Dp2MPr59PHIpX3f13wLr5MgQ=="
    }
  }
}
